
Microsoft Visual Studio Solution File, Format Version 12.00
# Visual Studio Version 17
VisualStudioVersion = 17.13.35825.156
MinimumVisualStudioVersion = 10.0.40219.1
Project("{FAE04EC0-301F-11D3-BF4B-00C04F79EFBC}") = "TheBookHeaven", "TheBookHeaven\TheBookHeaven.csproj", "{6C3AB4B8-F812-41C2-AFA8-AE28CE49BB42}"
EndProject
Global
	GlobalSection(SolutionConfigurationPlatforms) = preSolution
		Debug|Any CPU = Debug|Any CPU
		Release|Any CPU = Release|Any CPU
	EndGlobalSection
	GlobalSection(ProjectConfigurationPlatforms) = postSolution
		{6C3AB4B8-F812-41C2-AFA8-AE28CE49BB42}.Debug|Any CPU.ActiveCfg = Debug|Any CPU
		{6C3AB4B8-F812-41C2-AFA8-AE28CE49BB42}.Debug|Any CPU.Build.0 = Debug|Any CPU
		{6C3AB4B8-F812-41C2-AFA8-AE28CE49BB42}.Release|Any CPU.ActiveCfg = Release|Any CPU
		{6C3AB4B8-F812-41C2-AFA8-AE28CE49BB42}.Release|Any CPU.Build.0 = Release|Any CPU
	EndGlobalSection
	GlobalSection(SolutionProperties) = preSolution
		HideSolutionNode = FALSE
	EndGlobalSection
	GlobalSection(ExtensibilityGlobals) = postSolution
		SolutionGuid = {8FF3BDB5-40D7-43D9-9741-D994E92B1D90}
	EndGlobalSection
EndGlobal
